
Microsoft Visual Studio Solution File, Format Version 12.00
# Visual Studio Version 16
VisualStudioVersion = 16.0.29215.179
MinimumVisualStudioVersion = 10.0.40219.1
Project("{FAE04EC0-301F-11D3-BF4B-00C04F79EFBC}") = "HSPE", "HSPE\HSPE.csproj", "{B6448057-F9C2-4E9C-8E18-09C556CFCB46}"
EndProject
Project("{FAE04EC0-301F-11D3-BF4B-00C04F79EFBC}") = "UIUtility", "UIUtility\UIUtility.csproj", "{5FF39402-D216-42DE-9AAA-BA34103F1786}"
EndProject
Project("{FAE04EC0-301F-11D3-BF4B-00C04F79EFBC}") = "HSExtSave", "HSExtSave\HSExtSave.csproj", "{27695E5F-8D1E-41DC-A81C-1F0C1814627C}"
EndProject
Project("{FAE04EC0-301F-11D3-BF4B-00C04F79EFBC}") = "ToolBox", "ToolBox\ToolBox.csproj", "{D7E512B2-4E7A-4455-BD7D-97DACF5A039A}"
EndProject
Project("{FAE04EC0-301F-11D3-BF4B-00C04F79EFBC}") = "Timeline", "Timeline\Timeline.csproj", "{D0DAB1A9-18E6-47B8-915B-3F61A2A81709}"
EndProject
Global
	GlobalSection(SolutionConfigurationPlatforms) = preSolution
		AI|Any CPU = AI|Any CPU
		HS2|Any CPU = HS2|Any CPU
	EndGlobalSection
	GlobalSection(ProjectConfigurationPlatforms) = postSolution
		{B6448057-F9C2-4E9C-8E18-09C556CFCB46}.AI|Any CPU.ActiveCfg = AI|Any CPU
		{B6448057-F9C2-4E9C-8E18-09C556CFCB46}.AI|Any CPU.Build.0 = AI|Any CPU
		{B6448057-F9C2-4E9C-8E18-09C556CFCB46}.HS2|Any CPU.ActiveCfg = HS2|Any CPU
		{B6448057-F9C2-4E9C-8E18-09C556CFCB46}.HS2|Any CPU.Build.0 = HS2|Any CPU
		{5FF39402-D216-42DE-9AAA-BA34103F1786}.AI|Any CPU.ActiveCfg = AI|Any CPU
		{5FF39402-D216-42DE-9AAA-BA34103F1786}.AI|Any CPU.Build.0 = AI|Any CPU
		{5FF39402-D216-42DE-9AAA-BA34103F1786}.HS2|Any CPU.ActiveCfg = HS2|Any CPU
		{5FF39402-D216-42DE-9AAA-BA34103F1786}.HS2|Any CPU.Build.0 = HS2|Any CPU
		{27695E5F-8D1E-41DC-A81C-1F0C1814627C}.AI|Any CPU.ActiveCfg = HS|Any CPU
		{27695E5F-8D1E-41DC-A81C-1F0C1814627C}.AI|Any CPU.Build.0 = HS|Any CPU
		{27695E5F-8D1E-41DC-A81C-1F0C1814627C}.HS2|Any CPU.ActiveCfg = HS2|Any CPU
		{27695E5F-8D1E-41DC-A81C-1F0C1814627C}.HS2|Any CPU.Build.0 = HS2|Any CPU
		{D7E512B2-4E7A-4455-BD7D-97DACF5A039A}.AI|Any CPU.ActiveCfg = AI|Any CPU
		{D7E512B2-4E7A-4455-BD7D-97DACF5A039A}.AI|Any CPU.Build.0 = AI|Any CPU
		{D7E512B2-4E7A-4455-BD7D-97DACF5A039A}.HS2|Any CPU.ActiveCfg = HS2|Any CPU
		{D7E512B2-4E7A-4455-BD7D-97DACF5A039A}.HS2|Any CPU.Build.0 = HS2|Any CPU
		{D0DAB1A9-18E6-47B8-915B-3F61A2A81709}.AI|Any CPU.ActiveCfg = AI|Any CPU
		{D0DAB1A9-18E6-47B8-915B-3F61A2A81709}.AI|Any CPU.Build.0 = AI|Any CPU
		{D0DAB1A9-18E6-47B8-915B-3F61A2A81709}.HS2|Any CPU.ActiveCfg = HS2|Any CPU
		{D0DAB1A9-18E6-47B8-915B-3F61A2A81709}.HS2|Any CPU.Build.0 = HS2|Any CPU
	EndGlobalSection
	GlobalSection(SolutionProperties) = preSolution
		HideSolutionNode = FALSE
	EndGlobalSection
	GlobalSection(ExtensibilityGlobals) = postSolution
		SolutionGuid = {A138173C-ADED-4DEF-AE9B-B4B1F5CF0298}
	EndGlobalSection
	GlobalSection(Performance) = preSolution
		HasPerformanceSessions = true
	EndGlobalSection
EndGlobal
